
Microsoft Visual Studio Solution File, Format Version 12.00
# Visual Studio Version 17
VisualStudioVersion = 17.14.36202.13
MinimumVisualStudioVersion = 10.0.40219.1
Project("{FAE04EC0-301F-11D3-BF4B-00C04F79EFBC}") = "_001_开始", "_001_开始\_001_开始.csproj", "{216353CD-049D-461A-A74D-6757B5FD9EFD}"
EndProject
Project("{FAE04EC0-301F-11D3-BF4B-00C04F79EFBC}") = "_002_练习", "_002_练习\_002_练习.csproj", "{8FAD48D5-97F7-40E4-9D89-02B23B2F0537}"
EndProject
Project("{FAE04EC0-301F-11D3-BF4B-00C04F79EFBC}") = "_003_变量", "_003_变量\_003_变量.csproj", "{4F6B1ABB-AE4E-4D56-8542-1BED87C35A0F}"
EndProject
Project("{FAE04EC0-301F-11D3-BF4B-00C04F79EFBC}") = "_004_字符类型", "_004_字符类型\_004_字符类型.csproj", "{ECFD8D62-FD0E-4B9F-AF43-66CAF89E95BE}"
EndProject
Project("{FAE04EC0-301F-11D3-BF4B-00C04F79EFBC}") = "_005_练习题", "_005_练习题\_005_练习题.csproj", "{A7D16EEE-923E-406A-A061-27F178A691A9}"
EndProject
Project("{FAE04EC0-301F-11D3-BF4B-00C04F79EFBC}") = "_006_变量研究", "_006_变量研究\_006_变量研究.csproj", "{5E6F7470-3EA9-4AC0-BE4F-EA2DD36C0E6E}"
EndProject
Project("{FAE04EC0-301F-11D3-BF4B-00C04F79EFBC}") = "_007_数学运算符", "_007_数学运算符\_007_数学运算符.csproj", "{E2EB7D44-1276-44DD-87C5-619E0DAA8F50}"
EndProject
Project("{FAE04EC0-301F-11D3-BF4B-00C04F79EFBC}") = "_008_自增自减运算符", "_008_自增自减运算符\_008_自增自减运算符.csproj", "{08AB793B-DD85-4FBA-813C-DC1628A62DE8}"
EndProject
Project("{FAE04EC0-301F-11D3-BF4B-00C04F79EFBC}") = "_009_布尔", "_009_布尔\_009_布尔.csproj", "{32A937E2-1BAD-43F9-A77D-8F5DC99FAC4A}"
EndProject
Project("{FAE04EC0-301F-11D3-BF4B-00C04F79EFBC}") = "_010_逻辑运算符", "_010_逻辑运算符\_010_逻辑运算符.csproj", "{72705B85-6A64-45F0-BC8F-3FCE6FAFFDD7}"
EndProject
Project("{FAE04EC0-301F-11D3-BF4B-00C04F79EFBC}") = "_011_运算符优先级", "_011_运算符优先级\_011_运算符优先级.csproj", "{4F302089-2CB9-43E7-A166-4BDC5E5B0D5B}"
EndProject
Project("{FAE04EC0-301F-11D3-BF4B-00C04F79EFBC}") = "_012_编程题", "_012_编程题\_012_编程题.csproj", "{012854FE-5065-4BA2-A595-DCCBC506676A}"
EndProject
Project("{FAE04EC0-301F-11D3-BF4B-00C04F79EFBC}") = "_013_if语句", "_013_if语句\_013_if语句.csproj", "{3093B250-5BE0-4AC6-80D8-176D9C12C794}"
EndProject
Project("{FAE04EC0-301F-11D3-BF4B-00C04F79EFBC}") = "_014_编程题", "_014_编程题\_014_编程题.csproj", "{F7F71EAF-1CB4-47A4-8C41-586D04923C75}"
EndProject
Project("{FAE04EC0-301F-11D3-BF4B-00C04F79EFBC}") = "_015_编程题", "_015_编程题\_015_编程题.csproj", "{FACCBFC8-1E57-40D2-B7A6-0CB914DB9A4E}"
EndProject
Project("{FAE04EC0-301F-11D3-BF4B-00C04F79EFBC}") = "_016_switch语句", "_016_switch语句\_016_switch语句.csproj", "{941596E4-99F7-49DB-BF63-E82CA4B6D6A7}"
EndProject
Project("{FAE04EC0-301F-11D3-BF4B-00C04F79EFBC}") = "_017_编程题", "_017_编程题\_017_编程题.csproj", "{C4A556FD-5E93-4321-A628-248DD84732C2}"
EndProject
Project("{FAE04EC0-301F-11D3-BF4B-00C04F79EFBC}") = "_018_while循环", "_018_while循环\_018_while循环.csproj", "{533421F3-69A9-4C5C-9660-1204FFDADC54}"
EndProject
Project("{FAE04EC0-301F-11D3-BF4B-00C04F79EFBC}") = "_019_编程题", "_019_编程题\_019_编程题.csproj", "{7A25B3BE-7F8A-4D69-858F-F21DFFAD313F}"
EndProject
Project("{FAE04EC0-301F-11D3-BF4B-00C04F79EFBC}") = "_020_for循环", "_20_for循环\_020_for循环.csproj", "{70844B80-ECE0-472B-AA59-D9E460FC4C4A}"
EndProject
Project("{FAE04EC0-301F-11D3-BF4B-00C04F79EFBC}") = "_021_do_while循环", "_021_do_while循环\_021_do_while循环.csproj", "{85E5098F-C008-4CA1-8BF6-7E5A0C2EB519}"
EndProject
Project("{FAE04EC0-301F-11D3-BF4B-00C04F79EFBC}") = "_022_变量作用域", "_022_变量作用域\_022_变量作用域.csproj", "{1BD87914-28B8-49FA-99CA-9C27A7BAFEE1}"
EndProject
Project("{FAE04EC0-301F-11D3-BF4B-00C04F79EFBC}") = "_023_字符读取", "_023_字符读取\_023_字符读取.csproj", "{D2E37947-A200-4413-98E9-BC99EB4A4609}"
EndProject
Project("{FAE04EC0-301F-11D3-BF4B-00C04F79EFBC}") = "_024_全部数据类型", "_024_全部数据类型\_024_全部数据类型.csproj", "{84CC0D2F-3C7E-4058-AA95-69CD6A8DF1EF}"
EndProject
Project("{FAE04EC0-301F-11D3-BF4B-00C04F79EFBC}") = "_025_数组", "_025_数组\_025_数组.csproj", "{9EB89218-47CA-48A9-B3D3-1D05734383BB}"
EndProject
Project("{FAE04EC0-301F-11D3-BF4B-00C04F79EFBC}") = "_026_字符串", "_026_字符串\_026_字符串.csproj", "{B61DCB9D-C3A5-478E-AEAD-7FE67850F096}"
EndProject
Project("{FAE04EC0-301F-11D3-BF4B-00C04F79EFBC}") = "_027_编程题", "_027_编程题\_027_编程题.csproj", "{FD345A98-8930-4BDF-89C3-162A2C98F976}"
EndProject
Project("{FAE04EC0-301F-11D3-BF4B-00C04F79EFBC}") = "_028_排序", "_028_排序\_028_排序.csproj", "{DABA9B84-F8EE-4AF6-9ED6-685DD1EB3B7F}"
EndProject
Project("{FAE04EC0-301F-11D3-BF4B-00C04F79EFBC}") = "_029_判断非法字符", "_029_判断非法字符\_029_判断非法字符.csproj", "{D57C3532-EEC1-4128-AA84-A64451F36EBE}"
EndProject
Project("{FAE04EC0-301F-11D3-BF4B-00C04F79EFBC}") = "_030_函数方法", "_030_函数方法\_030_函数方法.csproj", "{E5972FF7-14BC-4E8C-A4E8-8518231B2B45}"
EndProject
Project("{FAE04EC0-301F-11D3-BF4B-00C04F79EFBC}") = "_031_参数数组", "_031_参数数组\_031_参数数组.csproj", "{8A2603B8-FB6B-4303-A6DA-6E804043B8B7}"
EndProject
Project("{FAE04EC0-301F-11D3-BF4B-00C04F79EFBC}") = "_032_递归练习", "_032_递归练习\_032_递归练习.csproj", "{98C635C9-B247-4A3F-9DBD-926C3CD2A55B}"
EndProject
Project("{FAE04EC0-301F-11D3-BF4B-00C04F79EFBC}") = "_033_枚举", "_033_枚举\_033_枚举.csproj", "{7F05EDD0-E291-4AA5-BCC1-45902D1AFC24}"
EndProject
Project("{FAE04EC0-301F-11D3-BF4B-00C04F79EFBC}") = "_034_结构体", "_034_结构体\_034_结构体.csproj", "{3C48D623-302B-409A-9CEA-E09F8EB70DD1}"
EndProject
Project("{FAE04EC0-301F-11D3-BF4B-00C04F79EFBC}") = "_035_委托", "_035_委托\_035_委托.csproj", "{351806A4-51B5-476C-9652-378745FC7CC6}"
EndProject
Project("{FAE04EC0-301F-11D3-BF4B-00C04F79EFBC}") = "_036_委托案例", "_036_委托案例\_036_委托案例.csproj", "{2F2EF127-0FAE-4381-BA93-7E9401252F81}"
EndProject
Global
	GlobalSection(SolutionConfigurationPlatforms) = preSolution
		Debug|Any CPU = Debug|Any CPU
		Release|Any CPU = Release|Any CPU
	EndGlobalSection
	GlobalSection(ProjectConfigurationPlatforms) = postSolution
		{216353CD-049D-461A-A74D-6757B5FD9EFD}.Debug|Any CPU.ActiveCfg = Debug|Any CPU
		{216353CD-049D-461A-A74D-6757B5FD9EFD}.Debug|Any CPU.Build.0 = Debug|Any CPU
		{216353CD-049D-461A-A74D-6757B5FD9EFD}.Release|Any CPU.ActiveCfg = Release|Any CPU
		{216353CD-049D-461A-A74D-6757B5FD9EFD}.Release|Any CPU.Build.0 = Release|Any CPU
		{8FAD48D5-97F7-40E4-9D89-02B23B2F0537}.Debug|Any CPU.ActiveCfg = Debug|Any CPU
		{8FAD48D5-97F7-40E4-9D89-02B23B2F0537}.Debug|Any CPU.Build.0 = Debug|Any CPU
		{8FAD48D5-97F7-40E4-9D89-02B23B2F0537}.Release|Any CPU.ActiveCfg = Release|Any CPU
		{8FAD48D5-97F7-40E4-9D89-02B23B2F0537}.Release|Any CPU.Build.0 = Release|Any CPU
		{4F6B1ABB-AE4E-4D56-8542-1BED87C35A0F}.Debug|Any CPU.ActiveCfg = Debug|Any CPU
		{4F6B1ABB-AE4E-4D56-8542-1BED87C35A0F}.Debug|Any CPU.Build.0 = Debug|Any CPU
		{4F6B1ABB-AE4E-4D56-8542-1BED87C35A0F}.Release|Any CPU.ActiveCfg = Release|Any CPU
		{4F6B1ABB-AE4E-4D56-8542-1BED87C35A0F}.Release|Any CPU.Build.0 = Release|Any CPU
		{ECFD8D62-FD0E-4B9F-AF43-66CAF89E95BE}.Debug|Any CPU.ActiveCfg = Debug|Any CPU
		{ECFD8D62-FD0E-4B9F-AF43-66CAF89E95BE}.Debug|Any CPU.Build.0 = Debug|Any CPU
		{ECFD8D62-FD0E-4B9F-AF43-66CAF89E95BE}.Release|Any CPU.ActiveCfg = Release|Any CPU
		{ECFD8D62-FD0E-4B9F-AF43-66CAF89E95BE}.Release|Any CPU.Build.0 = Release|Any CPU
		{A7D16EEE-923E-406A-A061-27F178A691A9}.Debug|Any CPU.ActiveCfg = Debug|Any CPU
		{A7D16EEE-923E-406A-A061-27F178A691A9}.Debug|Any CPU.Build.0 = Debug|Any CPU
		{A7D16EEE-923E-406A-A061-27F178A691A9}.Release|Any CPU.ActiveCfg = Release|Any CPU
		{A7D16EEE-923E-406A-A061-27F178A691A9}.Release|Any CPU.Build.0 = Release|Any CPU
		{5E6F7470-3EA9-4AC0-BE4F-EA2DD36C0E6E}.Debug|Any CPU.ActiveCfg = Debug|Any CPU
		{5E6F7470-3EA9-4AC0-BE4F-EA2DD36C0E6E}.Debug|Any CPU.Build.0 = Debug|Any CPU
		{5E6F7470-3EA9-4AC0-BE4F-EA2DD36C0E6E}.Release|Any CPU.ActiveCfg = Release|Any CPU
		{5E6F7470-3EA9-4AC0-BE4F-EA2DD36C0E6E}.Release|Any CPU.Build.0 = Release|Any CPU
		{E2EB7D44-1276-44DD-87C5-619E0DAA8F50}.Debug|Any CPU.ActiveCfg = Debug|Any CPU
		{E2EB7D44-1276-44DD-87C5-619E0DAA8F50}.Debug|Any CPU.Build.0 = Debug|Any CPU
		{E2EB7D44-1276-44DD-87C5-619E0DAA8F50}.Release|Any CPU.ActiveCfg = Release|Any CPU
		{E2EB7D44-1276-44DD-87C5-619E0DAA8F50}.Release|Any CPU.Build.0 = Release|Any CPU
		{08AB793B-DD85-4FBA-813C-DC1628A62DE8}.Debug|Any CPU.ActiveCfg = Debug|Any CPU
		{08AB793B-DD85-4FBA-813C-DC1628A62DE8}.Debug|Any CPU.Build.0 = Debug|Any CPU
		{08AB793B-DD85-4FBA-813C-DC1628A62DE8}.Release|Any CPU.ActiveCfg = Release|Any CPU
		{08AB793B-DD85-4FBA-813C-DC1628A62DE8}.Release|Any CPU.Build.0 = Release|Any CPU
		{32A937E2-1BAD-43F9-A77D-8F5DC99FAC4A}.Debug|Any CPU.ActiveCfg = Debug|Any CPU
		{32A937E2-1BAD-43F9-A77D-8F5DC99FAC4A}.Debug|Any CPU.Build.0 = Debug|Any CPU
		{32A937E2-1BAD-43F9-A77D-8F5DC99FAC4A}.Release|Any CPU.ActiveCfg = Release|Any CPU
		{32A937E2-1BAD-43F9-A77D-8F5DC99FAC4A}.Release|Any CPU.Build.0 = Release|Any CPU
		{72705B85-6A64-45F0-BC8F-3FCE6FAFFDD7}.Debug|Any CPU.ActiveCfg = Debug|Any CPU
		{72705B85-6A64-45F0-BC8F-3FCE6FAFFDD7}.Debug|Any CPU.Build.0 = Debug|Any CPU
		{72705B85-6A64-45F0-BC8F-3FCE6FAFFDD7}.Release|Any CPU.ActiveCfg = Release|Any CPU
		{72705B85-6A64-45F0-BC8F-3FCE6FAFFDD7}.Release|Any CPU.Build.0 = Release|Any CPU
		{4F302089-2CB9-43E7-A166-4BDC5E5B0D5B}.Debug|Any CPU.ActiveCfg = Debug|Any CPU
		{4F302089-2CB9-43E7-A166-4BDC5E5B0D5B}.Debug|Any CPU.Build.0 = Debug|Any CPU
		{4F302089-2CB9-43E7-A166-4BDC5E5B0D5B}.Release|Any CPU.ActiveCfg = Release|Any CPU
		{4F302089-2CB9-43E7-A166-4BDC5E5B0D5B}.Release|Any CPU.Build.0 = Release|Any CPU
		{012854FE-5065-4BA2-A595-DCCBC506676A}.Debug|Any CPU.ActiveCfg = Debug|Any CPU
		{012854FE-5065-4BA2-A595-DCCBC506676A}.Debug|Any CPU.Build.0 = Debug|Any CPU
		{012854FE-5065-4BA2-A595-DCCBC506676A}.Release|Any CPU.ActiveCfg = Release|Any CPU
		{012854FE-5065-4BA2-A595-DCCBC506676A}.Release|Any CPU.Build.0 = Release|Any CPU
		{3093B250-5BE0-4AC6-80D8-176D9C12C794}.Debug|Any CPU.ActiveCfg = Debug|Any CPU
		{3093B250-5BE0-4AC6-80D8-176D9C12C794}.Debug|Any CPU.Build.0 = Debug|Any CPU
		{3093B250-5BE0-4AC6-80D8-176D9C12C794}.Release|Any CPU.ActiveCfg = Release|Any CPU
		{3093B250-5BE0-4AC6-80D8-176D9C12C794}.Release|Any CPU.Build.0 = Release|Any CPU
		{F7F71EAF-1CB4-47A4-8C41-586D04923C75}.Debug|Any CPU.ActiveCfg = Debug|Any CPU
		{F7F71EAF-1CB4-47A4-8C41-586D04923C75}.Debug|Any CPU.Build.0 = Debug|Any CPU
		{F7F71EAF-1CB4-47A4-8C41-586D04923C75}.Release|Any CPU.ActiveCfg = Release|Any CPU
		{F7F71EAF-1CB4-47A4-8C41-586D04923C75}.Release|Any CPU.Build.0 = Release|Any CPU
		{FACCBFC8-1E57-40D2-B7A6-0CB914DB9A4E}.Debug|Any CPU.ActiveCfg = Debug|Any CPU
		{FACCBFC8-1E57-40D2-B7A6-0CB914DB9A4E}.Debug|Any CPU.Build.0 = Debug|Any CPU
		{FACCBFC8-1E57-40D2-B7A6-0CB914DB9A4E}.Release|Any CPU.ActiveCfg = Release|Any CPU
		{FACCBFC8-1E57-40D2-B7A6-0CB914DB9A4E}.Release|Any CPU.Build.0 = Release|Any CPU
		{941596E4-99F7-49DB-BF63-E82CA4B6D6A7}.Debug|Any CPU.ActiveCfg = Debug|Any CPU
		{941596E4-99F7-49DB-BF63-E82CA4B6D6A7}.Debug|Any CPU.Build.0 = Debug|Any CPU
		{941596E4-99F7-49DB-BF63-E82CA4B6D6A7}.Release|Any CPU.ActiveCfg = Release|Any CPU
		{941596E4-99F7-49DB-BF63-E82CA4B6D6A7}.Release|Any CPU.Build.0 = Release|Any CPU
		{C4A556FD-5E93-4321-A628-248DD84732C2}.Debug|Any CPU.ActiveCfg = Debug|Any CPU
		{C4A556FD-5E93-4321-A628-248DD84732C2}.Debug|Any CPU.Build.0 = Debug|Any CPU
		{C4A556FD-5E93-4321-A628-248DD84732C2}.Release|Any CPU.ActiveCfg = Release|Any CPU
		{C4A556FD-5E93-4321-A628-248DD84732C2}.Release|Any CPU.Build.0 = Release|Any CPU
		{533421F3-69A9-4C5C-9660-1204FFDADC54}.Debug|Any CPU.ActiveCfg = Debug|Any CPU
		{533421F3-69A9-4C5C-9660-1204FFDADC54}.Debug|Any CPU.Build.0 = Debug|Any CPU
		{533421F3-69A9-4C5C-9660-1204FFDADC54}.Release|Any CPU.ActiveCfg = Release|Any CPU
		{533421F3-69A9-4C5C-9660-1204FFDADC54}.Release|Any CPU.Build.0 = Release|Any CPU
		{7A25B3BE-7F8A-4D69-858F-F21DFFAD313F}.Debug|Any CPU.ActiveCfg = Debug|Any CPU
		{7A25B3BE-7F8A-4D69-858F-F21DFFAD313F}.Debug|Any CPU.Build.0 = Debug|Any CPU
		{7A25B3BE-7F8A-4D69-858F-F21DFFAD313F}.Release|Any CPU.ActiveCfg = Release|Any CPU
		{7A25B3BE-7F8A-4D69-858F-F21DFFAD313F}.Release|Any CPU.Build.0 = Release|Any CPU
		{70844B80-ECE0-472B-AA59-D9E460FC4C4A}.Debug|Any CPU.ActiveCfg = Debug|Any CPU
		{70844B80-ECE0-472B-AA59-D9E460FC4C4A}.Debug|Any CPU.Build.0 = Debug|Any CPU
		{70844B80-ECE0-472B-AA59-D9E460FC4C4A}.Release|Any CPU.ActiveCfg = Release|Any CPU
		{70844B80-ECE0-472B-AA59-D9E460FC4C4A}.Release|Any CPU.Build.0 = Release|Any CPU
		{85E5098F-C008-4CA1-8BF6-7E5A0C2EB519}.Debug|Any CPU.ActiveCfg = Debug|Any CPU
		{85E5098F-C008-4CA1-8BF6-7E5A0C2EB519}.Debug|Any CPU.Build.0 = Debug|Any CPU
		{85E5098F-C008-4CA1-8BF6-7E5A0C2EB519}.Release|Any CPU.ActiveCfg = Release|Any CPU
		{85E5098F-C008-4CA1-8BF6-7E5A0C2EB519}.Release|Any CPU.Build.0 = Release|Any CPU
		{1BD87914-28B8-49FA-99CA-9C27A7BAFEE1}.Debug|Any CPU.ActiveCfg = Debug|Any CPU
		{1BD87914-28B8-49FA-99CA-9C27A7BAFEE1}.Debug|Any CPU.Build.0 = Debug|Any CPU
		{1BD87914-28B8-49FA-99CA-9C27A7BAFEE1}.Release|Any CPU.ActiveCfg = Release|Any CPU
		{1BD87914-28B8-49FA-99CA-9C27A7BAFEE1}.Release|Any CPU.Build.0 = Release|Any CPU
		{D2E37947-A200-4413-98E9-BC99EB4A4609}.Debug|Any CPU.ActiveCfg = Debug|Any CPU
		{D2E37947-A200-4413-98E9-BC99EB4A4609}.Debug|Any CPU.Build.0 = Debug|Any CPU
		{D2E37947-A200-4413-98E9-BC99EB4A4609}.Release|Any CPU.ActiveCfg = Release|Any CPU
		{D2E37947-A200-4413-98E9-BC99EB4A4609}.Release|Any CPU.Build.0 = Release|Any CPU
		{84CC0D2F-3C7E-4058-AA95-69CD6A8DF1EF}.Debug|Any CPU.ActiveCfg = Debug|Any CPU
		{84CC0D2F-3C7E-4058-AA95-69CD6A8DF1EF}.Debug|Any CPU.Build.0 = Debug|Any CPU
		{84CC0D2F-3C7E-4058-AA95-69CD6A8DF1EF}.Release|Any CPU.ActiveCfg = Release|Any CPU
		{84CC0D2F-3C7E-4058-AA95-69CD6A8DF1EF}.Release|Any CPU.Build.0 = Release|Any CPU
		{9EB89218-47CA-48A9-B3D3-1D05734383BB}.Debug|Any CPU.ActiveCfg = Debug|Any CPU
		{9EB89218-47CA-48A9-B3D3-1D05734383BB}.Debug|Any CPU.Build.0 = Debug|Any CPU
		{9EB89218-47CA-48A9-B3D3-1D05734383BB}.Release|Any CPU.ActiveCfg = Release|Any CPU
		{9EB89218-47CA-48A9-B3D3-1D05734383BB}.Release|Any CPU.Build.0 = Release|Any CPU
		{B61DCB9D-C3A5-478E-AEAD-7FE67850F096}.Debug|Any CPU.ActiveCfg = Debug|Any CPU
		{B61DCB9D-C3A5-478E-AEAD-7FE67850F096}.Debug|Any CPU.Build.0 = Debug|Any CPU
		{B61DCB9D-C3A5-478E-AEAD-7FE67850F096}.Release|Any CPU.ActiveCfg = Release|Any CPU
		{B61DCB9D-C3A5-478E-AEAD-7FE67850F096}.Release|Any CPU.Build.0 = Release|Any CPU
		{FD345A98-8930-4BDF-89C3-162A2C98F976}.Debug|Any CPU.ActiveCfg = Debug|Any CPU
		{FD345A98-8930-4BDF-89C3-162A2C98F976}.Debug|Any CPU.Build.0 = Debug|Any CPU
		{FD345A98-8930-4BDF-89C3-162A2C98F976}.Release|Any CPU.ActiveCfg = Release|Any CPU
		{FD345A98-8930-4BDF-89C3-162A2C98F976}.Release|Any CPU.Build.0 = Release|Any CPU
		{DABA9B84-F8EE-4AF6-9ED6-685DD1EB3B7F}.Debug|Any CPU.ActiveCfg = Debug|Any CPU
		{DABA9B84-F8EE-4AF6-9ED6-685DD1EB3B7F}.Debug|Any CPU.Build.0 = Debug|Any CPU
		{DABA9B84-F8EE-4AF6-9ED6-685DD1EB3B7F}.Release|Any CPU.ActiveCfg = Release|Any CPU
		{DABA9B84-F8EE-4AF6-9ED6-685DD1EB3B7F}.Release|Any CPU.Build.0 = Release|Any CPU
		{D57C3532-EEC1-4128-AA84-A64451F36EBE}.Debug|Any CPU.ActiveCfg = Debug|Any CPU
		{D57C3532-EEC1-4128-AA84-A64451F36EBE}.Debug|Any CPU.Build.0 = Debug|Any CPU
		{D57C3532-EEC1-4128-AA84-A64451F36EBE}.Release|Any CPU.ActiveCfg = Release|Any CPU
		{D57C3532-EEC1-4128-AA84-A64451F36EBE}.Release|Any CPU.Build.0 = Release|Any CPU
		{E5972FF7-14BC-4E8C-A4E8-8518231B2B45}.Debug|Any CPU.ActiveCfg = Debug|Any CPU
		{E5972FF7-14BC-4E8C-A4E8-8518231B2B45}.Debug|Any CPU.Build.0 = Debug|Any CPU
		{E5972FF7-14BC-4E8C-A4E8-8518231B2B45}.Release|Any CPU.ActiveCfg = Release|Any CPU
		{E5972FF7-14BC-4E8C-A4E8-8518231B2B45}.Release|Any CPU.Build.0 = Release|Any CPU
		{8A2603B8-FB6B-4303-A6DA-6E804043B8B7}.Debug|Any CPU.ActiveCfg = Debug|Any CPU
		{8A2603B8-FB6B-4303-A6DA-6E804043B8B7}.Debug|Any CPU.Build.0 = Debug|Any CPU
		{8A2603B8-FB6B-4303-A6DA-6E804043B8B7}.Release|Any CPU.ActiveCfg = Release|Any CPU
		{8A2603B8-FB6B-4303-A6DA-6E804043B8B7}.Release|Any CPU.Build.0 = Release|Any CPU
		{98C635C9-B247-4A3F-9DBD-926C3CD2A55B}.Debug|Any CPU.ActiveCfg = Debug|Any CPU
		{98C635C9-B247-4A3F-9DBD-926C3CD2A55B}.Debug|Any CPU.Build.0 = Debug|Any CPU
		{98C635C9-B247-4A3F-9DBD-926C3CD2A55B}.Release|Any CPU.ActiveCfg = Release|Any CPU
		{98C635C9-B247-4A3F-9DBD-926C3CD2A55B}.Release|Any CPU.Build.0 = Release|Any CPU
		{7F05EDD0-E291-4AA5-BCC1-45902D1AFC24}.Debug|Any CPU.ActiveCfg = Debug|Any CPU
		{7F05EDD0-E291-4AA5-BCC1-45902D1AFC24}.Debug|Any CPU.Build.0 = Debug|Any CPU
		{7F05EDD0-E291-4AA5-BCC1-45902D1AFC24}.Release|Any CPU.ActiveCfg = Release|Any CPU
		{7F05EDD0-E291-4AA5-BCC1-45902D1AFC24}.Release|Any CPU.Build.0 = Release|Any CPU
		{3C48D623-302B-409A-9CEA-E09F8EB70DD1}.Debug|Any CPU.ActiveCfg = Debug|Any CPU
		{3C48D623-302B-409A-9CEA-E09F8EB70DD1}.Debug|Any CPU.Build.0 = Debug|Any CPU
		{3C48D623-302B-409A-9CEA-E09F8EB70DD1}.Release|Any CPU.ActiveCfg = Release|Any CPU
		{3C48D623-302B-409A-9CEA-E09F8EB70DD1}.Release|Any CPU.Build.0 = Release|Any CPU
		{351806A4-51B5-476C-9652-378745FC7CC6}.Debug|Any CPU.ActiveCfg = Debug|Any CPU
		{351806A4-51B5-476C-9652-378745FC7CC6}.Debug|Any CPU.Build.0 = Debug|Any CPU
		{351806A4-51B5-476C-9652-378745FC7CC6}.Release|Any CPU.ActiveCfg = Release|Any CPU
		{351806A4-51B5-476C-9652-378745FC7CC6}.Release|Any CPU.Build.0 = Release|Any CPU
		{2F2EF127-0FAE-4381-BA93-7E9401252F81}.Debug|Any CPU.ActiveCfg = Debug|Any CPU
		{2F2EF127-0FAE-4381-BA93-7E9401252F81}.Debug|Any CPU.Build.0 = Debug|Any CPU
		{2F2EF127-0FAE-4381-BA93-7E9401252F81}.Release|Any CPU.ActiveCfg = Release|Any CPU
		{2F2EF127-0FAE-4381-BA93-7E9401252F81}.Release|Any CPU.Build.0 = Release|Any CPU
	EndGlobalSection
	GlobalSection(SolutionProperties) = preSolution
		HideSolutionNode = FALSE
	EndGlobalSection
	GlobalSection(ExtensibilityGlobals) = postSolution
		SolutionGuid = {CBFDB61A-4035-4949-9A15-5D151718D55B}
	EndGlobalSection
EndGlobal
